// !$*UTF8*$!
{
	archiveVersion = 1;
	classes = {
	};
	objectVersion = 50;
	objects = {

/* Begin PBXBuildFile section */
		E67FAD1425931AAA00DDE070 /* SearchResultController.swift in Sources */ = {isa = PBXBuildFile; fileRef = E67FAD1325931AAA00DDE070 /* SearchResultController.swift */; };
		E68FE8F7258A54EC007B6191 /* AppDelegate.swift in Sources */ = {isa = PBXBuildFile; fileRef = E68FE8F6258A54EC007B6191 /* AppDelegate.swift */; };
		E68FE8F9258A54EC007B6191 /* SceneDelegate.swift in Sources */ = {isa = PBXBuildFile; fileRef = E68FE8F8258A54EC007B6191 /* SceneDelegate.swift */; };
		E68FE8FB258A54EC007B6191 /* ViewController.swift in Sources */ = {isa = PBXBuildFile; fileRef = E68FE8FA258A54EC007B6191 /* ViewController.swift */; };
		E68FE8FE258A54EC007B6191 /* Main.storyboard in Resources */ = {isa = PBXBuildFile; fileRef = E68FE8FC258A54EC007B6191 /* Main.storyboard */; };
		E68FE900258A54EC007B6191 /* Assets.xcassets in Resources */ = {isa = PBXBuildFile; fileRef = E68FE8FF258A54EC007B6191 /* Assets.xcassets */; };
		E68FE903258A54ED007B6191 /* LaunchScreen.storyboard in Resources */ = {isa = PBXBuildFile; fileRef = E68FE901258A54EC007B6191 /* LaunchScreen.storyboard */; };
		E6BF3FF3258CE1980024ED74 /* sortednames.plist in Resources */ = {isa = PBXBuildFile; fileRef = E6BF3FF2258CE1980024ED74 /* sortednames.plist */; };
/* End PBXBuildFile section */

/* Begin PBXFileReference section */
		E67FAD1325931AAA00DDE070 /* SearchResultController.swift */ = {isa = PBXFileReference; lastKnownFileType = sourcecode.swift; path = SearchResultController.swift; sourceTree = "<group>"; };
		E68FE8F3258A54EC007B6191 /* TableViewWithSearchBar.app */ = {isa = PBXFileReference; explicitFileType = wrapper.application; includeInIndex = 0; path = TableViewWithSearchBar.app; sourceTree = BUILT_PRODUCTS_DIR; };
		E68FE8F6258A54EC007B6191 /* AppDelegate.swift */ = {isa = PBXFileReference; lastKnownFileType = sourcecode.swift; path = AppDelegate.swift; sourceTree = "<group>"; };
		E68FE8F8258A54EC007B6191 /* SceneDelegate.swift */ = {isa = PBXFileReference; lastKnownFileType = sourcecode.swift; path = SceneDelegate.swift; sourceTree = "<group>"; };
		E68FE8FA258A54EC007B6191 /* ViewController.swift */ = {isa = PBXFileReference; lastKnownFileType = sourcecode.swift; path = ViewController.swift; sourceTree = "<group>"; };
		E68FE8FD258A54EC007B6191 /* Base */ = {isa = PBXFileReference; lastKnownFileType = file.storyboard; name = Base; path = Base.lproj/Main.storyboard; sourceTree = "<group>"; };
		E68FE8FF258A54EC007B6191 /* Assets.xcassets */ = {isa = PBXFileReference; lastKnownFileType = folder.assetcatalog; path = Assets.xcassets; sourceTree = "<group>"; };
		E68FE902258A54ED007B6191 /* Base */ = {isa = PBXFileReference; lastKnownFileType = file.storyboard; name = Base; path = Base.lproj/LaunchScreen.storyboard; sourceTree = "<group>"; };
		E68FE904258A54ED007B6191 /* Info.plist */ = {isa = PBXFileReference; lastKnownFileType = text.plist.xml; path = Info.plist; sourceTree = "<group>"; };
		E6BF3FF2258CE1980024ED74 /* sortednames.plist */ = {isa = PBXFileReference; fileEncoding = 4; lastKnownFileType = text.plist.xml; path = sortednames.plist; sourceTree = "<group>"; };
/* End PBXFileReference section */

/* Begin PBXFrameworksBuildPhase section */
		E68FE8F0258A54EC007B6191 /* Frameworks */ = {
			isa = PBXFrameworksBuildPhase;
			buildActionMask = 2147483647;
			files = (
			);
			runOnlyForDeploymentPostprocessing = 0;
		};
/* End PBXFrameworksBuildPhase section */

/* Begin PBXGroup section */
		E68FE8EA258A54EC007B6191 = {
			isa = PBXGroup;
			children = (
				E68FE8F5258A54EC007B6191 /* TableViewWithSearchBar */,
				E68FE8F4258A54EC007B6191 /* Products */,
			);
			sourceTree = "<group>";
		};
		E68FE8F4258A54EC007B6191 /* Products */ = {
			isa = PBXGroup;
			children = (
				E68FE8F3258A54EC007B6191 /* TableViewWithSearchBar.app */,
			);
			name = Products;
			sourceTree = "<group>";
		};
		E68FE8F5258A54EC007B6191 /* TableViewWithSearchBar */ = {
			isa = PBXGroup;
			children = (
				E6BF3FF2258CE1980024ED74 /* sortednames.plist */,
				E68FE8F6258A54EC007B6191 /* AppDelegate.swift */,
				E68FE8F8258A54EC007B6191 /* SceneDelegate.swift */,
				E68FE8FA258A54EC007B6191 /* ViewController.swift */,
				E68FE8FC258A54EC007B6191 /* Main.storyboard */,
				E68FE8FF258A54EC007B6191 /* Assets.xcassets */,
				E68FE901258A54EC007B6191 /* LaunchScreen.storyboard */,
				E68FE904258A54ED007B6191 /* Info.plist */,
				E67FAD1325931AAA00DDE070 /* SearchResultController.swift */,
			);
			path = TableViewWithSearchBar;
			sourceTree = "<group>";
		};
/* End PBXGroup section */

/* Begin PBXNativeTarget section */
		E68FE8F2258A54EC007B6191 /* TableViewWithSearchBar */ = {
			isa = PBXNativeTarget;
			buildConfigurationList = E68FE907258A54ED007B6191 /* Build configuration list for PBXNativeTarget "TableViewWithSearchBar" */;
			buildPhases = (
				E68FE8EF258A54EC007B6191 /* Sources */,
				E68FE8F0258A54EC007B6191 /* Frameworks */,
				E68FE8F1258A54EC007B6191 /* Resources */,
			);
			buildRules = (
			);
			dependencies = (
			);
			name = TableViewWithSearchBar;
			productName = TableViewWithSearchBar;
			productReference = E68FE8F3258A54EC007B6191 /* TableViewWithSearchBar.app */;
			productType = "com.apple.product-type.application";
		};
/* End PBXNativeTarget section */

/* Begin PBXProject section */
		E68FE8EB258A54EC007B6191 /* Project object */ = {
			isa = PBXProject;
			attributes = {
				LastSwiftUpdateCheck = 1230;
				LastUpgradeCheck = 1230;
				TargetAttributes = {
					E68FE8F2258A54EC007B6191 = {
						CreatedOnToolsVersion = 12.3;
					};
				};
			};
			buildConfigurationList = E68FE8EE258A54EC007B6191 /* Build configuration list for PBXProject "TableViewWithSearchBar" */;
			compatibilityVersion = "Xcode 9.3";
			developmentRegion = en;
			hasScannedForEncodings = 0;
			knownRegions = (
				en,
				Base,
			);
			mainGroup = E68FE8EA258A54EC007B6191;
			productRefGroup = E68FE8F4258A54EC007B6191 /* Products */;
			projectDirPath = "";
			projectRoot = "";
			targets = (
				E68FE8F2258A54EC007B6191 /* TableViewWithSearchBar */,
			);
		};
/* End PBXProject section */

/* Begin PBXResourcesBuildPhase section */
		E68FE8F1258A54EC007B6191 /* Resources */ = {
			isa = PBXResourcesBuildPhase;
			buildActionMask = 2147483647;
			files = (
				E6BF3FF3258CE1980024ED74 /* sortednames.plist in Resources */,
				E68FE903258A54ED007B6191 /* LaunchScreen.storyboard in Resources */,
				E68FE900258A54EC007B6191 /* Assets.xcassets in Resources */,
				E68FE8FE258A54EC007B6191 /* Main.storyboard in Resources */,
			);
			runOnlyForDeploymentPostprocessing = 0;
		};
/* End PBXResourcesBuildPhase section */

/* Begin PBXSourcesBuildPhase section */
		E68FE8EF258A54EC007B6191 /* Sources */ = {
			isa = PBXSourcesBuildPhase;
			buildActionMask = 2147483647;
			files = (
				E67FAD1425931AAA00DDE070 /* SearchResultController.swift in Sources */,
				E68FE8FB258A54EC007B6191 /* ViewController.swift in Sources */,
				E68FE8F7258A54EC007B6191 /* AppDelegate.swift in Sources */,
				E68FE8F9258A54EC007B6191 /* SceneDelegate.swift in Sources */,
			);
			runOnlyForDeploymentPostprocessing = 0;
		};
/* End PBXSourcesBuildPhase section */

/* Begin PBXVariantGroup section */
		E68FE8FC258A54EC007B6191 /* Main.storyboard */ = {
			isa = PBXVariantGroup;
			children = (
				E68FE8FD258A54EC007B6191 /* Base */,
			);
			name = Main.storyboard;
			sourceTree = "<group>";
		};
		E68FE901258A54EC007B6191 /* LaunchScreen.storyboard */ = {
			isa = PBXVariantGroup;
			children = (
				E68FE902258A54ED007B6191 /* Base */,
			);
			name = LaunchScreen.storyboard;
			sourceTree = "<group>";
		};
/* End PBXVariantGroup section */

/* Begin XCBuildConfiguration section */
		E68FE905258A54ED007B6191 /* Debug */ = {
			isa = XCBuildConfiguration;
			buildSettings = {
				ALWAYS_SEARCH_USER_PATHS = NO;
				CLANG_ANALYZER_NONNULL = YES;
				CLANG_ANALYZER_NUMBER_OBJECT_CONVERSION = YES_AGGRESSIVE;
				CLANG_CXX_LANGUAGE_STANDARD = "gnu++14";
				CLANG_CXX_LIBRARY = "libc++";
				CLANG_ENABLE_MODULES = YES;
				CLANG_ENABLE_OBJC_ARC = YES;
				CLANG_ENABLE_OBJC_WEAK = YES;
				CLANG_WARN_BLOCK_CAPTURE_AUTORELEASING = YES;
				CLANG_WARN_BOOL_CONVERSION = YES;
				CLANG_WARN_COMMA = YES;
				CLANG_WARN_CONSTANT_CONVERSION = YES;
				CLANG_WARN_DEPRECATED_OBJC_IMPLEMENTATIONS = YES;
				CLANG_WARN_DIRECT_OBJC_ISA_USAGE = YES_ERROR;
				CLANG_WARN_DOCUMENTATION_COMMENTS = YES;
				CLANG_WARN_EMPTY_BODY = YES;
				CLANG_WARN_ENUM_CONVERSION = YES;
				CLANG_WARN_INFINITE_RECURSION = YES;
				CLANG_WARN_INT_CONVERSION = YES;
				CLANG_WARN_NON_LITERAL_NULL_CONVERSION = YES;
				CLANG_WARN_OBJC_IMPLICIT_RETAIN_SELF = YES;
				CLANG_WARN_OBJC_LITERAL_CONVERSION = YES;
				CLANG_WARN_OBJC_ROOT_CLASS = YES_ERROR;
				CLANG_WARN_QUOTED_INCLUDE_IN_FRAMEWORK_HEADER = YES;
				CLANG_WARN_RANGE_LOOP_ANALYSIS = YES;
				CLANG_WARN_STRICT_PROTOTYPES = YES;
				CLANG_WARN_SUSPICIOUS_MOVE = YES;
				CLANG_WARN_UNGUARDED_AVAILABILITY = YES_AGGRESSIVE;
				CLANG_WARN_UNREACHABLE_CODE = YES;
				CLANG_WARN__DUPLICATE_METHOD_MATCH = YES;
				COPY_PHASE_STRIP = NO;
				DEBUG_INFORMATION_FORMAT = dwarf;
				ENABLE_STRICT_OBJC_MSGSEND = YES;
				ENABLE_TESTABILITY = YES;
				GCC_C_LANGUAGE_STANDARD = gnu11;
				GCC_DYNAMIC_NO_PIC = NO;
				GCC_NO_COMMON_BLOCKS = YES;
				GCC_OPTIMIZATION_LEVEL = 0;
				GCC_PREPROCESSOR_DEFINITIONS = (
					"DEBUG=1",
					"$(inherited)",
				);
				GCC_WARN_64_TO_32_BIT_CONVERSION = YES;
				GCC_WARN_ABOUT_RETURN_TYPE = YES_ERROR;
				GCC_WARN_UNDECLARED_SELECTOR = YES;
				GCC_WARN_UNINITIALIZED_AUTOS = YES_AGGRESSIVE;
				GCC_WARN_UNUSED_FUNCTION = YES;
				GCC_WARN_UNUSED_VARIABLE = YES;
				IPHONEOS_DEPLOYMENT_TARGET = 14.3;
				MTL_ENABLE_DEBUG_INFO = INCLUDE_SOURCE;
				MTL_FAST_MATH = YES;
				ONLY_ACTIVE_ARCH = YES;
				SDKROOT = iphoneos;
				SWIFT_ACTIVE_COMPILATION_CONDITIONS = DEBUG;
				SWIFT_OPTIMIZATION_LEVEL = "-Onone";
			};
			name = Debug;
		};
		E68FE906258A54ED007B6191 /* Release */ = {
			isa = XCBuildConfiguration;
			buildSettings = {
				ALWAYS_SEARCH_USER_PATHS = NO;
				CLANG_ANALYZER_NONNULL = YES;
				CLANG_ANALYZER_NUMBER_OBJECT_CONVERSION = YES_AGGRESSIVE;
				CLANG_CXX_LANGUAGE_STANDARD = "gnu++14";
				CLANG_CXX_LIBRARY = "libc++";
				CLANG_ENABLE_MODULES = YES;
				CLANG_ENABLE_OBJC_ARC = YES;
				CLANG_ENABLE_OBJC_WEAK = YES;
				CLANG_WARN_BLOCK_CAPTURE_AUTORELEASING = YES;
				CLANG_WARN_BOOL_CONVERSION = YES;
				CLANG_WARN_COMMA = YES;
				CLANG_WARN_CONSTANT_CONVERSION = YES;
				CLANG_WARN_DEPRECATED_OBJC_IMPLEMENTATIONS = YES;
				CLANG_WARN_DIRECT_OBJC_ISA_USAGE = YES_ERROR;
				CLANG_WARN_DOCUMENTATION_COMMENTS = YES;
				CLANG_WARN_EMPTY_BODY = YES;
				CLANG_WARN_ENUM_CONVERSION = YES;
				CLANG_WARN_INFINITE_RECURSION = YES;
				CLANG_WARN_INT_CONVERSION = YES;
				CLANG_WARN_NON_LITERAL_NULL_CONVERSION = YES;
				CLANG_WARN_OBJC_IMPLICIT_RETAIN_SELF = YES;
				CLANG_WARN_OBJC_LITERAL_CONVERSION = YES;
				CLANG_WARN_OBJC_ROOT_CLASS = YES_ERROR;
				CLANG_WARN_QUOTED_INCLUDE_IN_FRAMEWORK_HEADER = YES;
				CLANG_WARN_RANGE_LOOP_ANALYSIS = YES;
				CLANG_WARN_STRICT_PROTOTYPES = YES;
				CLANG_WARN_SUSPICIOUS_MOVE = YES;
				CLANG_WARN_UNGUARDED_AVAILABILITY = YES_AGGRESSIVE;
				CLANG_WARN_UNREACHABLE_CODE = YES;
				CLANG_WARN__DUPLICATE_METHOD_MATCH = YES;
				COPY_PHASE_STRIP = NO;
				DEBUG_INFORMATION_FORMAT = "dwarf-with-dsym";
				ENABLE_NS_ASSERTIONS = NO;
				ENABLE_STRICT_OBJC_MSGSEND = YES;
				GCC_C_LANGUAGE_STANDARD = gnu11;
				GCC_NO_COMMON_BLOCKS = YES;
				GCC_WARN_64_TO_32_BIT_CONVERSION = YES;
				GCC_WARN_ABOUT_RETURN_TYPE = YES_ERROR;
				GCC_WARN_UNDECLARED_SELECTOR = YES;
				GCC_WARN_UNINITIALIZED_AUTOS = YES_AGGRESSIVE;
				GCC_WARN_UNUSED_FUNCTION = YES;
				GCC_WARN_UNUSED_VARIABLE = YES;
				IPHONEOS_DEPLOYMENT_TARGET = 14.3;
				MTL_ENABLE_DEBUG_INFO = NO;
				MTL_FAST_MATH = YES;
				SDKROOT = iphoneos;
				SWIFT_COMPILATION_MODE = wholemodule;
				SWIFT_OPTIMIZATION_LEVEL = "-O";
				VALIDATE_PRODUCT = YES;
			};
			name = Release;
		};
		E68FE908258A54ED007B6191 /* Debug */ = {
			isa = XCBuildConfiguration;
			buildSettings = {
				ASSETCATALOG_COMPILER_APPICON_NAME = AppIcon;
				ASSETCATALOG_COMPILER_GLOBAL_ACCENT_COLOR_NAME = AccentColor;
				CODE_SIGN_STYLE = Automatic;
				INFOPLIST_FILE = TableViewWithSearchBar/Info.plist;
				LD_RUNPATH_SEARCH_PATHS = (
					"$(inherited)",
					"@executable_path/Frameworks",
				);
				PRODUCT_BUNDLE_IDENTIFIER = com.gyugyu.TableViewWithSearchBar;
				PRODUCT_NAME = "$(TARGET_NAME)";
				SWIFT_VERSION = 5.0;
				TARGETED_DEVICE_FAMILY = "1,2";
			};
			name = Debug;
		};
		E68FE909258A54ED007B6191 /* Release */ = {
			isa = XCBuildConfiguration;
			buildSettings = {
				ASSETCATALOG_COMPILER_APPICON_NAME = AppIcon;
				ASSETCATALOG_COMPILER_GLOBAL_ACCENT_COLOR_NAME = AccentColor;
				CODE_SIGN_STYLE = Automatic;
				INFOPLIST_FILE = TableViewWithSearchBar/Info.plist;
				LD_RUNPATH_SEARCH_PATHS = (
					"$(inherited)",
					"@executable_path/Frameworks",
				);
				PRODUCT_BUNDLE_IDENTIFIER = com.gyugyu.TableViewWithSearchBar;
				PRODUCT_NAME = "$(TARGET_NAME)";
				SWIFT_VERSION = 5.0;
				TARGETED_DEVICE_FAMILY = "1,2";
			};
			name = Release;
		};
/* End XCBuildConfiguration section */

/* Begin XCConfigurationList section */
		E68FE8EE258A54EC007B6191 /* Build configuration list for PBXProject "TableViewWithSearchBar" */ = {
			isa = XCConfigurationList;
			buildConfigurations = (
				E68FE905258A54ED007B6191 /* Debug */,
				E68FE906258A54ED007B6191 /* Release */,
			);
			defaultConfigurationIsVisible = 0;
			defaultConfigurationName = Release;
		};
		E68FE907258A54ED007B6191 /* Build configuration list for PBXNativeTarget "TableViewWithSearchBar" */ = {
			isa = XCConfigurationList;
			buildConfigurations = (
				E68FE908258A54ED007B6191 /* Debug */,
				E68FE909258A54ED007B6191 /* Release */,
			);
			defaultConfigurationIsVisible = 0;
			defaultConfigurationName = Release;
		};
/* End XCConfigurationList section */
	};
	rootObject = E68FE8EB258A54EC007B6191 /* Project object */;
}
